
Microsoft Visual Studio Solution File, Format Version 12.00
# Visual Studio 2013
VisualStudioVersion = 12.0.31101.0
MinimumVisualStudioVersion = 10.0.40219.1
Project("{8BC9CEB8-8B4A-11D0-8D11-00A0C91BC942}") = "1-1", "1-1\1-1.vcxproj", "{09C6A108-F7E6-4939-86CF-3D207DF0D587}"
EndProject
Project("{8BC9CEB8-8B4A-11D0-8D11-00A0C91BC942}") = "1-2", "1-2\1-2.vcxproj", "{FB6F3BCE-5AD8-4391-8FE0-2936CDF4CE52}"
EndProject
Project("{8BC9CEB8-8B4A-11D0-8D11-00A0C91BC942}") = "1-3", "1-3\1-3.vcxproj", "{3FFE5A24-77F3-4495-BB50-F116E46B63E7}"
EndProject
Project("{8BC9CEB8-8B4A-11D0-8D11-00A0C91BC942}") = "1-4", "1-4\1-4.vcxproj", "{F6FEFEB2-CD4F-4530-ACC5-0564B4D5710E}"
EndProject
Project("{8BC9CEB8-8B4A-11D0-8D11-00A0C91BC942}") = "1-5", "1-5\1-5.vcxproj", "{C1163E51-40EF-4105-9DCF-C4D91E1AF8B6}"
EndProject
Project("{8BC9CEB8-8B4A-11D0-8D11-00A0C91BC942}") = "1-6", "1-6\1-6.vcxproj", "{7C534DC4-89C9-4752-987D-24D5793E58C6}"
EndProject
Project("{8BC9CEB8-8B4A-11D0-8D11-00A0C91BC942}") = "1-7", "1-7\1-7.vcxproj", "{FD744144-7FBB-42ED-B332-DFD9B2AEAAE5}"
EndProject
Project("{8BC9CEB8-8B4A-11D0-8D11-00A0C91BC942}") = "1-8", "1-8\1-8.vcxproj", "{7B840567-434D-4FA1-9403-0724BE52CCAF}"
EndProject
Project("{8BC9CEB8-8B4A-11D0-8D11-00A0C91BC942}") = "1-9", "1-9\1-9.vcxproj", "{FF93D7AE-1141-491D-9C51-EFAF7754C77A}"
EndProject
Global
	GlobalSection(SolutionConfigurationPlatforms) = preSolution
		Debug|Win32 = Debug|Win32
		Release|Win32 = Release|Win32
	EndGlobalSection
	GlobalSection(ProjectConfigurationPlatforms) = postSolution
		{09C6A108-F7E6-4939-86CF-3D207DF0D587}.Debug|Win32.ActiveCfg = Debug|Win32
		{09C6A108-F7E6-4939-86CF-3D207DF0D587}.Debug|Win32.Build.0 = Debug|Win32
		{09C6A108-F7E6-4939-86CF-3D207DF0D587}.Release|Win32.ActiveCfg = Release|Win32
		{09C6A108-F7E6-4939-86CF-3D207DF0D587}.Release|Win32.Build.0 = Release|Win32
		{FB6F3BCE-5AD8-4391-8FE0-2936CDF4CE52}.Debug|Win32.ActiveCfg = Debug|Win32
		{FB6F3BCE-5AD8-4391-8FE0-2936CDF4CE52}.Debug|Win32.Build.0 = Debug|Win32
		{FB6F3BCE-5AD8-4391-8FE0-2936CDF4CE52}.Release|Win32.ActiveCfg = Release|Win32
		{FB6F3BCE-5AD8-4391-8FE0-2936CDF4CE52}.Release|Win32.Build.0 = Release|Win32
		{3FFE5A24-77F3-4495-BB50-F116E46B63E7}.Debug|Win32.ActiveCfg = Debug|Win32
		{3FFE5A24-77F3-4495-BB50-F116E46B63E7}.Debug|Win32.Build.0 = Debug|Win32
		{3FFE5A24-77F3-4495-BB50-F116E46B63E7}.Release|Win32.ActiveCfg = Release|Win32
		{3FFE5A24-77F3-4495-BB50-F116E46B63E7}.Release|Win32.Build.0 = Release|Win32
		{F6FEFEB2-CD4F-4530-ACC5-0564B4D5710E}.Debug|Win32.ActiveCfg = Debug|Win32
		{F6FEFEB2-CD4F-4530-ACC5-0564B4D5710E}.Debug|Win32.Build.0 = Debug|Win32
		{F6FEFEB2-CD4F-4530-ACC5-0564B4D5710E}.Release|Win32.ActiveCfg = Release|Win32
		{F6FEFEB2-CD4F-4530-ACC5-0564B4D5710E}.Release|Win32.Build.0 = Release|Win32
		{C1163E51-40EF-4105-9DCF-C4D91E1AF8B6}.Debug|Win32.ActiveCfg = Debug|Win32
		{C1163E51-40EF-4105-9DCF-C4D91E1AF8B6}.Debug|Win32.Build.0 = Debug|Win32
		{C1163E51-40EF-4105-9DCF-C4D91E1AF8B6}.Release|Win32.ActiveCfg = Release|Win32
		{C1163E51-40EF-4105-9DCF-C4D91E1AF8B6}.Release|Win32.Build.0 = Release|Win32
		{7C534DC4-89C9-4752-987D-24D5793E58C6}.Debug|Win32.ActiveCfg = Debug|Win32
		{7C534DC4-89C9-4752-987D-24D5793E58C6}.Debug|Win32.Build.0 = Debug|Win32
		{7C534DC4-89C9-4752-987D-24D5793E58C6}.Release|Win32.ActiveCfg = Release|Win32
		{7C534DC4-89C9-4752-987D-24D5793E58C6}.Release|Win32.Build.0 = Release|Win32
		{FD744144-7FBB-42ED-B332-DFD9B2AEAAE5}.Debug|Win32.ActiveCfg = Debug|Win32
		{FD744144-7FBB-42ED-B332-DFD9B2AEAAE5}.Debug|Win32.Build.0 = Debug|Win32
		{FD744144-7FBB-42ED-B332-DFD9B2AEAAE5}.Release|Win32.ActiveCfg = Release|Win32
		{FD744144-7FBB-42ED-B332-DFD9B2AEAAE5}.Release|Win32.Build.0 = Release|Win32
		{7B840567-434D-4FA1-9403-0724BE52CCAF}.Debug|Win32.ActiveCfg = Debug|Win32
		{7B840567-434D-4FA1-9403-0724BE52CCAF}.Debug|Win32.Build.0 = Debug|Win32
		{7B840567-434D-4FA1-9403-0724BE52CCAF}.Release|Win32.ActiveCfg = Release|Win32
		{7B840567-434D-4FA1-9403-0724BE52CCAF}.Release|Win32.Build.0 = Release|Win32
		{FF93D7AE-1141-491D-9C51-EFAF7754C77A}.Debug|Win32.ActiveCfg = Debug|Win32
		{FF93D7AE-1141-491D-9C51-EFAF7754C77A}.Debug|Win32.Build.0 = Debug|Win32
		{FF93D7AE-1141-491D-9C51-EFAF7754C77A}.Release|Win32.ActiveCfg = Release|Win32
		{FF93D7AE-1141-491D-9C51-EFAF7754C77A}.Release|Win32.Build.0 = Release|Win32
	EndGlobalSection
	GlobalSection(SolutionProperties) = preSolution
		HideSolutionNode = FALSE
	EndGlobalSection
EndGlobal
